
Microsoft Visual Studio Solution File, Format Version 12.00
# Visual Studio Version 17
VisualStudioVersion = 17.14.36408.4 d17.14
MinimumVisualStudioVersion = 10.0.40219.1
Project("{FAE04EC0-301F-11D3-BF4B-00C04F79EFBC}") = "FileInputOutput", "FileInputOutput\FileInputOutput.csproj", "{035D11F0-392A-467E-A979-8858010F2644}"
EndProject
Global
	GlobalSection(SolutionConfigurationPlatforms) = preSolution
		Debug|Any CPU = Debug|Any CPU
		Release|Any CPU = Release|Any CPU
	EndGlobalSection
	GlobalSection(ProjectConfigurationPlatforms) = postSolution
		{035D11F0-392A-467E-A979-8858010F2644}.Debug|Any CPU.ActiveCfg = Debug|Any CPU
		{035D11F0-392A-467E-A979-8858010F2644}.Debug|Any CPU.Build.0 = Debug|Any CPU
		{035D11F0-392A-467E-A979-8858010F2644}.Release|Any CPU.ActiveCfg = Release|Any CPU
		{035D11F0-392A-467E-A979-8858010F2644}.Release|Any CPU.Build.0 = Release|Any CPU
	EndGlobalSection
	GlobalSection(SolutionProperties) = preSolution
		HideSolutionNode = FALSE
	EndGlobalSection
	GlobalSection(ExtensibilityGlobals) = postSolution
		SolutionGuid = {831BF4C3-6239-478E-B0D0-7E4B3781C063}
	EndGlobalSection
EndGlobal
