
Microsoft Visual Studio Solution File, Format Version 12.00
# Visual Studio Version 17
VisualStudioVersion = 17.14.36408.4 d17.14
MinimumVisualStudioVersion = 10.0.40219.1
Project("{FAE04EC0-301F-11D3-BF4B-00C04F79EFBC}") = "ConstructorChaining", "ConstructorChaining\ConstructorChaining.csproj", "{CCECE2B4-164F-4023-87B6-5EE649778392}"
EndProject
Global
	GlobalSection(SolutionConfigurationPlatforms) = preSolution
		Debug|Any CPU = Debug|Any CPU
		Release|Any CPU = Release|Any CPU
	EndGlobalSection
	GlobalSection(ProjectConfigurationPlatforms) = postSolution
		{CCECE2B4-164F-4023-87B6-5EE649778392}.Debug|Any CPU.ActiveCfg = Debug|Any CPU
		{CCECE2B4-164F-4023-87B6-5EE649778392}.Debug|Any CPU.Build.0 = Debug|Any CPU
		{CCECE2B4-164F-4023-87B6-5EE649778392}.Release|Any CPU.ActiveCfg = Release|Any CPU
		{CCECE2B4-164F-4023-87B6-5EE649778392}.Release|Any CPU.Build.0 = Release|Any CPU
	EndGlobalSection
	GlobalSection(SolutionProperties) = preSolution
		HideSolutionNode = FALSE
	EndGlobalSection
	GlobalSection(ExtensibilityGlobals) = postSolution
		SolutionGuid = {B8A92B4D-EC20-4685-904D-61DE1453931C}
	EndGlobalSection
EndGlobal
