
Microsoft Visual Studio Solution File, Format Version 12.00
# Visual Studio Version 17
VisualStudioVersion = 17.14.36310.24 d17.14
MinimumVisualStudioVersion = 10.0.40219.1
Project("{FAE04EC0-301F-11D3-BF4B-00C04F79EFBC}") = "TwentyOne", "TwentyOne\TwentyOne.csproj", "{FFBE4B86-F264-4589-9652-6887550EA8F0}"
EndProject
Global
	GlobalSection(SolutionConfigurationPlatforms) = preSolution
		Debug|Any CPU = Debug|Any CPU
		Release|Any CPU = Release|Any CPU
	EndGlobalSection
	GlobalSection(ProjectConfigurationPlatforms) = postSolution
		{FFBE4B86-F264-4589-9652-6887550EA8F0}.Debug|Any CPU.ActiveCfg = Debug|Any CPU
		{FFBE4B86-F264-4589-9652-6887550EA8F0}.Debug|Any CPU.Build.0 = Debug|Any CPU
		{FFBE4B86-F264-4589-9652-6887550EA8F0}.Release|Any CPU.ActiveCfg = Release|Any CPU
		{FFBE4B86-F264-4589-9652-6887550EA8F0}.Release|Any CPU.Build.0 = Release|Any CPU
	EndGlobalSection
	GlobalSection(SolutionProperties) = preSolution
		HideSolutionNode = FALSE
	EndGlobalSection
	GlobalSection(ExtensibilityGlobals) = postSolution
		SolutionGuid = {3FA808BE-8A73-4E28-A62C-0A021B7B8075}
	EndGlobalSection
EndGlobal
