
Microsoft Visual Studio Solution File, Format Version 12.00
# Visual Studio Version 17
VisualStudioVersion = 17.14.36310.24 d17.14
MinimumVisualStudioVersion = 10.0.40219.1
Project("{FAE04EC0-301F-11D3-BF4B-00C04F79EFBC}") = "Iteration", "Iteration\Iteration.csproj", "{9163608F-59FF-4D45-A4E5-E0FF40689BC8}"
EndProject
Global
	GlobalSection(SolutionConfigurationPlatforms) = preSolution
		Debug|Any CPU = Debug|Any CPU
		Release|Any CPU = Release|Any CPU
	EndGlobalSection
	GlobalSection(ProjectConfigurationPlatforms) = postSolution
		{9163608F-59FF-4D45-A4E5-E0FF40689BC8}.Debug|Any CPU.ActiveCfg = Debug|Any CPU
		{9163608F-59FF-4D45-A4E5-E0FF40689BC8}.Debug|Any CPU.Build.0 = Debug|Any CPU
		{9163608F-59FF-4D45-A4E5-E0FF40689BC8}.Release|Any CPU.ActiveCfg = Release|Any CPU
		{9163608F-59FF-4D45-A4E5-E0FF40689BC8}.Release|Any CPU.Build.0 = Release|Any CPU
	EndGlobalSection
	GlobalSection(SolutionProperties) = preSolution
		HideSolutionNode = FALSE
	EndGlobalSection
	GlobalSection(ExtensibilityGlobals) = postSolution
		SolutionGuid = {086642B9-1E72-4A91-9B6F-57AEA5D16C9B}
	EndGlobalSection
EndGlobal
